
Microsoft Visual Studio Solution File, Format Version 11.00
# Visual C++ Express 2010
Project("{8BC9CEB8-8B4A-11D0-8D11-00A0C91BC942}") = "GLUTMODE", "GLUTMODE\GLUTMODE.vcxproj", "{AEE43442-5D47-4E0B-B316-3FF382D0477D}"
EndProject
Global
	GlobalSection(SolutionConfigurationPlatforms) = preSolution
		Debug|Win32 = Debug|Win32
		Release|Win32 = Release|Win32
	EndGlobalSection
	GlobalSection(ProjectConfigurationPlatforms) = postSolution
		{AEE43442-5D47-4E0B-B316-3FF382D0477D}.Debug|Win32.ActiveCfg = Debug|Win32
		{AEE43442-5D47-4E0B-B316-3FF382D0477D}.Debug|Win32.Build.0 = Debug|Win32
		{AEE43442-5D47-4E0B-B316-3FF382D0477D}.Release|Win32.ActiveCfg = Release|Win32
		{AEE43442-5D47-4E0B-B316-3FF382D0477D}.Release|Win32.Build.0 = Release|Win32
	EndGlobalSection
	GlobalSection(SolutionProperties) = preSolution
		HideSolutionNode = FALSE
	EndGlobalSection
EndGlobal
